
Microsoft Visual Studio Solution File, Format Version 12.00
# Visual Studio Version 17
VisualStudioVersion = 17.5.002.0
MinimumVisualStudioVersion = 10.0.40219.1
Project("{9A19103F-16F7-4668-BE54-9A1E7A4F7556}") = "ContosoCrafts.WebSite", "ContosoCrafts.WebSite.csproj", "{2C36F6D3-1F3B-47CC-B47D-5D56A6A66A19}"
EndProject
Global
	GlobalSection(SolutionConfigurationPlatforms) = preSolution
		Debug|Any CPU = Debug|Any CPU
		Release|Any CPU = Release|Any CPU
	EndGlobalSection
	GlobalSection(ProjectConfigurationPlatforms) = postSolution
		{2C36F6D3-1F3B-47CC-B47D-5D56A6A66A19}.Debug|Any CPU.ActiveCfg = Debug|Any CPU
		{2C36F6D3-1F3B-47CC-B47D-5D56A6A66A19}.Debug|Any CPU.Build.0 = Debug|Any CPU
		{2C36F6D3-1F3B-47CC-B47D-5D56A6A66A19}.Release|Any CPU.ActiveCfg = Release|Any CPU
		{2C36F6D3-1F3B-47CC-B47D-5D56A6A66A19}.Release|Any CPU.Build.0 = Release|Any CPU
	EndGlobalSection
	GlobalSection(SolutionProperties) = preSolution
		HideSolutionNode = FALSE
	EndGlobalSection
	GlobalSection(ExtensibilityGlobals) = postSolution
		SolutionGuid = {AA7C9AAA-056D-466D-AB22-186F40CFC84D}
	EndGlobalSection
EndGlobal
